
Microsoft Visual Studio Solution File, Format Version 12.00
# Visual Studio Version 17
VisualStudioVersion = 17.5.33530.505
MinimumVisualStudioVersion = 10.0.40219.1
Project("{FAE04EC0-301F-11D3-BF4B-00C04F79EFBC}") = "Molino", "Molino\Molino.csproj", "{E6471DCC-16D8-4E77-863B-8A79BE17BDD7}"
EndProject
Global
	GlobalSection(SolutionConfigurationPlatforms) = preSolution
		Debug|Any CPU = Debug|Any CPU
		Release|Any CPU = Release|Any CPU
	EndGlobalSection
	GlobalSection(ProjectConfigurationPlatforms) = postSolution
		{E6471DCC-16D8-4E77-863B-8A79BE17BDD7}.Debug|Any CPU.ActiveCfg = Debug|Any CPU
		{E6471DCC-16D8-4E77-863B-8A79BE17BDD7}.Debug|Any CPU.Build.0 = Debug|Any CPU
		{E6471DCC-16D8-4E77-863B-8A79BE17BDD7}.Release|Any CPU.ActiveCfg = Release|Any CPU
		{E6471DCC-16D8-4E77-863B-8A79BE17BDD7}.Release|Any CPU.Build.0 = Release|Any CPU
	EndGlobalSection
	GlobalSection(SolutionProperties) = preSolution
		HideSolutionNode = FALSE
	EndGlobalSection
	GlobalSection(ExtensibilityGlobals) = postSolution
		SolutionGuid = {A78F336A-3572-45C3-8E98-2AB8D8A7C61F}
	EndGlobalSection
EndGlobal
